
Microsoft Visual Studio Solution File, Format Version 12.00
# Visual Studio Version 17
VisualStudioVersion = 17.9.34622.214
MinimumVisualStudioVersion = 10.0.40219.1
Project("{FAE04EC0-301F-11D3-BF4B-00C04F79EFBC}") = "FinShark.API", "FinShark.API\FinShark.API.csproj", "{DBAABD4E-D4FF-4764-8693-CFA572846C7B}"
EndProject
Global
	GlobalSection(SolutionConfigurationPlatforms) = preSolution
		Debug|Any CPU = Debug|Any CPU
		Release|Any CPU = Release|Any CPU
	EndGlobalSection
	GlobalSection(ProjectConfigurationPlatforms) = postSolution
		{DBAABD4E-D4FF-4764-8693-CFA572846C7B}.Debug|Any CPU.ActiveCfg = Debug|Any CPU
		{DBAABD4E-D4FF-4764-8693-CFA572846C7B}.Debug|Any CPU.Build.0 = Debug|Any CPU
		{DBAABD4E-D4FF-4764-8693-CFA572846C7B}.Release|Any CPU.ActiveCfg = Release|Any CPU
		{DBAABD4E-D4FF-4764-8693-CFA572846C7B}.Release|Any CPU.Build.0 = Release|Any CPU
	EndGlobalSection
	GlobalSection(SolutionProperties) = preSolution
		HideSolutionNode = FALSE
	EndGlobalSection
	GlobalSection(ExtensibilityGlobals) = postSolution
		SolutionGuid = {DCF03309-0C16-4A88-A643-13B65A3C423A}
	EndGlobalSection
EndGlobal
